dependencies:
- name: postgresql
  repository: file://../postgresql
  version: 0.0.1
- name: cassandra
  repository: file://../cassandra
  version: 0.0.1
- name: vault
  repository: file://../vault
  version: 0.0.1
digest: sha256:f65100d639d7e799689aa20a8a3c7d1e649d874937be8a9485b76dde3079236d
generated: "2023-12-11T13:07:47.938852-05:00"
